
Microsoft Visual Studio Solution File, Format Version 12.00
# Visual Studio Version 16
VisualStudioVersion = 16.0.30104.148
MinimumVisualStudioVersion = 10.0.40219.1
Project("{FAE04EC0-301F-11D3-BF4B-00C04F79EFBC}") = "MapDisplayApp", "Mapsui_mytest\MapDisplayApp.csproj", "{9C4B0B54-EDC2-4E23-BC5B-02B924177BEB}"
EndProject
Project("{FAE04EC0-301F-11D3-BF4B-00C04F79EFBC}") = "Itinero_test", "Itinero_test\Itinero_test.csproj", "{5C4C6492-D059-4060-8E38-755849FA946E}"
EndProject
Global
	GlobalSection(SolutionConfigurationPlatforms) = preSolution
		Debug|Any CPU = Debug|Any CPU
		Debug|x64 = Debug|x64
		Release|Any CPU = Release|Any CPU
		Release|x64 = Release|x64
	EndGlobalSection
	GlobalSection(ProjectConfigurationPlatforms) = postSolution
		{9C4B0B54-EDC2-4E23-BC5B-02B924177BEB}.Debug|Any CPU.ActiveCfg = Debug|Any CPU
		{9C4B0B54-EDC2-4E23-BC5B-02B924177BEB}.Debug|Any CPU.Build.0 = Debug|Any CPU
		{9C4B0B54-EDC2-4E23-BC5B-02B924177BEB}.Debug|x64.ActiveCfg = Debug|x64
		{9C4B0B54-EDC2-4E23-BC5B-02B924177BEB}.Debug|x64.Build.0 = Debug|x64
		{9C4B0B54-EDC2-4E23-BC5B-02B924177BEB}.Release|Any CPU.ActiveCfg = Release|Any CPU
		{9C4B0B54-EDC2-4E23-BC5B-02B924177BEB}.Release|Any CPU.Build.0 = Release|Any CPU
		{9C4B0B54-EDC2-4E23-BC5B-02B924177BEB}.Release|x64.ActiveCfg = Release|x64
		{9C4B0B54-EDC2-4E23-BC5B-02B924177BEB}.Release|x64.Build.0 = Release|x64
		{5C4C6492-D059-4060-8E38-755849FA946E}.Debug|Any CPU.ActiveCfg = Debug|Any CPU
		{5C4C6492-D059-4060-8E38-755849FA946E}.Debug|Any CPU.Build.0 = Debug|Any CPU
		{5C4C6492-D059-4060-8E38-755849FA946E}.Debug|x64.ActiveCfg = Debug|x64
		{5C4C6492-D059-4060-8E38-755849FA946E}.Debug|x64.Build.0 = Debug|x64
		{5C4C6492-D059-4060-8E38-755849FA946E}.Release|Any CPU.ActiveCfg = Release|Any CPU
		{5C4C6492-D059-4060-8E38-755849FA946E}.Release|Any CPU.Build.0 = Release|Any CPU
		{5C4C6492-D059-4060-8E38-755849FA946E}.Release|x64.ActiveCfg = Release|x64
		{5C4C6492-D059-4060-8E38-755849FA946E}.Release|x64.Build.0 = Release|x64
	EndGlobalSection
	GlobalSection(SolutionProperties) = preSolution
		HideSolutionNode = FALSE
	EndGlobalSection
	GlobalSection(ExtensibilityGlobals) = postSolution
		SolutionGuid = {B61803BA-E994-40E2-AE11-C08899BB0362}
	EndGlobalSection
EndGlobal
