
Microsoft Visual Studio Solution File, Format Version 12.00
# Visual Studio Version 16
VisualStudioVersion = 16.0.30104.148
MinimumVisualStudioVersion = 10.0.40219.1
Project("{FAE04EC0-301F-11D3-BF4B-00C04F79EFBC}") = "Itinero_test", "Itinero_test\Itinero_test.csproj", "{5C4C6492-D059-4060-8E38-755849FA946E}"
EndProject
Project("{9A19103F-16F7-4668-BE54-9A1E7A4F7556}") = "MapDisplayApp", "MapDisplayApp\MapDisplayApp.csproj", "{9931DE5D-F132-4807-B42D-B7B58B7CA8EF}"
EndProject
Project("{9A19103F-16F7-4668-BE54-9A1E7A4F7556}") = "DbConnector", "DbConnector\DbConnector.csproj", "{06C57FDE-0E37-4411-9D3B-8B38566A7B6D}"
EndProject
Project("{9A19103F-16F7-4668-BE54-9A1E7A4F7556}") = "DbModel", "DbModel\DbModel.csproj", "{1D4C1198-2339-4604-BF2E-042089741450}"
EndProject
Project("{2150E333-8FDC-42A3-9474-1A3956D46DE8}") = "Utilities", "Utilities", "{439904D6-E061-4F8F-AE3A-6581F575ED82}"
EndProject
Project("{9A19103F-16F7-4668-BE54-9A1E7A4F7556}") = "RandomRecordsPicker", "Utilities\RandomRecordsPicker\RandomRecordsPicker.csproj", "{28D3A4A7-28F8-4D6E-9340-EC3DECCA94AB}"
EndProject
Project("{9A19103F-16F7-4668-BE54-9A1E7A4F7556}") = "DatabaseInitialFeeder", "Utilities\DatabaseInitialFeeder\DatabaseInitialFeeder.csproj", "{0786D383-EB85-4493-99B1-188F62040AEE}"
EndProject
Project("{9A19103F-16F7-4668-BE54-9A1E7A4F7556}") = "Router", "Router\Router.csproj", "{5A7F9FCF-ECAB-4BF0-8B43-CA257054A8A4}"
EndProject
Project("{D954291E-2A0B-460D-934E-DC6B0785DB48}") = "ViewModel", "ViewModel\ViewModel.shproj", "{41061ACA-D024-4225-ADEF-A651E63ACC2A}"
EndProject
Global
	GlobalSection(SharedMSBuildProjectFiles) = preSolution
		ViewModel\ViewModel.projitems*{41061aca-d024-4225-adef-a651e63acc2a}*SharedItemsImports = 13
		ViewModel\ViewModel.projitems*{9931de5d-f132-4807-b42d-b7b58b7ca8ef}*SharedItemsImports = 5
	EndGlobalSection
	GlobalSection(SolutionConfigurationPlatforms) = preSolution
		Debug|Any CPU = Debug|Any CPU
		Debug|x64 = Debug|x64
		Release|Any CPU = Release|Any CPU
		Release|x64 = Release|x64
	EndGlobalSection
	GlobalSection(ProjectConfigurationPlatforms) = postSolution
		{5C4C6492-D059-4060-8E38-755849FA946E}.Debug|Any CPU.ActiveCfg = Debug|Any CPU
		{5C4C6492-D059-4060-8E38-755849FA946E}.Debug|Any CPU.Build.0 = Debug|Any CPU
		{5C4C6492-D059-4060-8E38-755849FA946E}.Debug|x64.ActiveCfg = Debug|x64
		{5C4C6492-D059-4060-8E38-755849FA946E}.Debug|x64.Build.0 = Debug|x64
		{5C4C6492-D059-4060-8E38-755849FA946E}.Release|Any CPU.ActiveCfg = Release|Any CPU
		{5C4C6492-D059-4060-8E38-755849FA946E}.Release|Any CPU.Build.0 = Release|Any CPU
		{5C4C6492-D059-4060-8E38-755849FA946E}.Release|x64.ActiveCfg = Release|x64
		{5C4C6492-D059-4060-8E38-755849FA946E}.Release|x64.Build.0 = Release|x64
		{9931DE5D-F132-4807-B42D-B7B58B7CA8EF}.Debug|Any CPU.ActiveCfg = Debug|Any CPU
		{9931DE5D-F132-4807-B42D-B7B58B7CA8EF}.Debug|Any CPU.Build.0 = Debug|Any CPU
		{9931DE5D-F132-4807-B42D-B7B58B7CA8EF}.Debug|x64.ActiveCfg = Debug|Any CPU
		{9931DE5D-F132-4807-B42D-B7B58B7CA8EF}.Debug|x64.Build.0 = Debug|Any CPU
		{9931DE5D-F132-4807-B42D-B7B58B7CA8EF}.Release|Any CPU.ActiveCfg = Release|Any CPU
		{9931DE5D-F132-4807-B42D-B7B58B7CA8EF}.Release|Any CPU.Build.0 = Release|Any CPU
		{9931DE5D-F132-4807-B42D-B7B58B7CA8EF}.Release|x64.ActiveCfg = Release|Any CPU
		{9931DE5D-F132-4807-B42D-B7B58B7CA8EF}.Release|x64.Build.0 = Release|Any CPU
		{06C57FDE-0E37-4411-9D3B-8B38566A7B6D}.Debug|Any CPU.ActiveCfg = Debug|Any CPU
		{06C57FDE-0E37-4411-9D3B-8B38566A7B6D}.Debug|Any CPU.Build.0 = Debug|Any CPU
		{06C57FDE-0E37-4411-9D3B-8B38566A7B6D}.Debug|x64.ActiveCfg = Debug|Any CPU
		{06C57FDE-0E37-4411-9D3B-8B38566A7B6D}.Debug|x64.Build.0 = Debug|Any CPU
		{06C57FDE-0E37-4411-9D3B-8B38566A7B6D}.Release|Any CPU.ActiveCfg = Release|Any CPU
		{06C57FDE-0E37-4411-9D3B-8B38566A7B6D}.Release|Any CPU.Build.0 = Release|Any CPU
		{06C57FDE-0E37-4411-9D3B-8B38566A7B6D}.Release|x64.ActiveCfg = Release|Any CPU
		{06C57FDE-0E37-4411-9D3B-8B38566A7B6D}.Release|x64.Build.0 = Release|Any CPU
		{1D4C1198-2339-4604-BF2E-042089741450}.Debug|Any CPU.ActiveCfg = Debug|Any CPU
		{1D4C1198-2339-4604-BF2E-042089741450}.Debug|Any CPU.Build.0 = Debug|Any CPU
		{1D4C1198-2339-4604-BF2E-042089741450}.Debug|x64.ActiveCfg = Debug|Any CPU
		{1D4C1198-2339-4604-BF2E-042089741450}.Debug|x64.Build.0 = Debug|Any CPU
		{1D4C1198-2339-4604-BF2E-042089741450}.Release|Any CPU.ActiveCfg = Release|Any CPU
		{1D4C1198-2339-4604-BF2E-042089741450}.Release|Any CPU.Build.0 = Release|Any CPU
		{1D4C1198-2339-4604-BF2E-042089741450}.Release|x64.ActiveCfg = Release|Any CPU
		{1D4C1198-2339-4604-BF2E-042089741450}.Release|x64.Build.0 = Release|Any CPU
		{28D3A4A7-28F8-4D6E-9340-EC3DECCA94AB}.Debug|Any CPU.ActiveCfg = Debug|Any CPU
		{28D3A4A7-28F8-4D6E-9340-EC3DECCA94AB}.Debug|Any CPU.Build.0 = Debug|Any CPU
		{28D3A4A7-28F8-4D6E-9340-EC3DECCA94AB}.Debug|x64.ActiveCfg = Debug|Any CPU
		{28D3A4A7-28F8-4D6E-9340-EC3DECCA94AB}.Debug|x64.Build.0 = Debug|Any CPU
		{28D3A4A7-28F8-4D6E-9340-EC3DECCA94AB}.Release|Any CPU.ActiveCfg = Release|Any CPU
		{28D3A4A7-28F8-4D6E-9340-EC3DECCA94AB}.Release|Any CPU.Build.0 = Release|Any CPU
		{28D3A4A7-28F8-4D6E-9340-EC3DECCA94AB}.Release|x64.ActiveCfg = Release|Any CPU
		{28D3A4A7-28F8-4D6E-9340-EC3DECCA94AB}.Release|x64.Build.0 = Release|Any CPU
		{0786D383-EB85-4493-99B1-188F62040AEE}.Debug|Any CPU.ActiveCfg = Debug|Any CPU
		{0786D383-EB85-4493-99B1-188F62040AEE}.Debug|Any CPU.Build.0 = Debug|Any CPU
		{0786D383-EB85-4493-99B1-188F62040AEE}.Debug|x64.ActiveCfg = Debug|Any CPU
		{0786D383-EB85-4493-99B1-188F62040AEE}.Debug|x64.Build.0 = Debug|Any CPU
		{0786D383-EB85-4493-99B1-188F62040AEE}.Release|Any CPU.ActiveCfg = Release|Any CPU
		{0786D383-EB85-4493-99B1-188F62040AEE}.Release|Any CPU.Build.0 = Release|Any CPU
		{0786D383-EB85-4493-99B1-188F62040AEE}.Release|x64.ActiveCfg = Release|Any CPU
		{0786D383-EB85-4493-99B1-188F62040AEE}.Release|x64.Build.0 = Release|Any CPU
		{5A7F9FCF-ECAB-4BF0-8B43-CA257054A8A4}.Debug|Any CPU.ActiveCfg = Debug|Any CPU
		{5A7F9FCF-ECAB-4BF0-8B43-CA257054A8A4}.Debug|Any CPU.Build.0 = Debug|Any CPU
		{5A7F9FCF-ECAB-4BF0-8B43-CA257054A8A4}.Debug|x64.ActiveCfg = Debug|Any CPU
		{5A7F9FCF-ECAB-4BF0-8B43-CA257054A8A4}.Debug|x64.Build.0 = Debug|Any CPU
		{5A7F9FCF-ECAB-4BF0-8B43-CA257054A8A4}.Release|Any CPU.ActiveCfg = Release|Any CPU
		{5A7F9FCF-ECAB-4BF0-8B43-CA257054A8A4}.Release|Any CPU.Build.0 = Release|Any CPU
		{5A7F9FCF-ECAB-4BF0-8B43-CA257054A8A4}.Release|x64.ActiveCfg = Release|Any CPU
		{5A7F9FCF-ECAB-4BF0-8B43-CA257054A8A4}.Release|x64.Build.0 = Release|Any CPU
	EndGlobalSection
	GlobalSection(SolutionProperties) = preSolution
		HideSolutionNode = FALSE
	EndGlobalSection
	GlobalSection(NestedProjects) = preSolution
		{28D3A4A7-28F8-4D6E-9340-EC3DECCA94AB} = {439904D6-E061-4F8F-AE3A-6581F575ED82}
		{0786D383-EB85-4493-99B1-188F62040AEE} = {439904D6-E061-4F8F-AE3A-6581F575ED82}
	EndGlobalSection
	GlobalSection(ExtensibilityGlobals) = postSolution
		SolutionGuid = {B61803BA-E994-40E2-AE11-C08899BB0362}
	EndGlobalSection
EndGlobal
